
Microsoft Visual Studio Solution File, Format Version 12.00
# Visual Studio Version 17
VisualStudioVersion = 17.5.002.0
MinimumVisualStudioVersion = 10.0.40219.1
Project("{9A19103F-16F7-4668-BE54-9A1E7A4F7556}") = "YourBackendProject", "FinanceAppBack\YourBackendProject.csproj", "{C6C7F4C2-AEE1-4434-B769-37D90E2414C4}"
EndProject
Global
	GlobalSection(SolutionConfigurationPlatforms) = preSolution
		Debug|Any CPU = Debug|Any CPU
		Release|Any CPU = Release|Any CPU
	EndGlobalSection
	GlobalSection(ProjectConfigurationPlatforms) = postSolution
		{C6C7F4C2-AEE1-4434-B769-37D90E2414C4}.Debug|Any CPU.ActiveCfg = Debug|Any CPU
		{C6C7F4C2-AEE1-4434-B769-37D90E2414C4}.Debug|Any CPU.Build.0 = Debug|Any CPU
		{C6C7F4C2-AEE1-4434-B769-37D90E2414C4}.Release|Any CPU.ActiveCfg = Release|Any CPU
		{C6C7F4C2-AEE1-4434-B769-37D90E2414C4}.Release|Any CPU.Build.0 = Release|Any CPU
	EndGlobalSection
	GlobalSection(SolutionProperties) = preSolution
		HideSolutionNode = FALSE
	EndGlobalSection
	GlobalSection(ExtensibilityGlobals) = postSolution
		SolutionGuid = {44CC1C73-207D-437A-836C-01205E342A02}
	EndGlobalSection
EndGlobal
